{
  "version": 4,
  "terraform_version": "1.10.5",
  "serial": 220,
  "lineage": "9cb50815-a511-be56-1220-16dbfa92e365",
  "outputs": {
    "external_ip": {
      "value": "51.250.65.158",
      "type": "string"
    }
  },
  "resources": [
    {
      "mode": "managed",
      "type": "yandex_compute_disk",
      "name": "boot-disk",
      "provider": "provider[\"registry.terraform.io/yandex-cloud/yandex\"]",
      "instances": [
        {
          "schema_version": 0,
          "attributes": {
            "allow_recreate": null,
            "block_size": 4096,
            "created_at": "2025-02-10T10:50:03Z",
            "description": "",
            "disk_placement_policy": [
              {
                "disk_placement_group_id": ""
              }
            ],
            "folder_id": "b1gbr6b918bfons49unn",
            "hardware_generation": [
              {
                "generation2_features": [],
                "legacy_features": [
                  {
                    "pci_topology": "PCI_TOPOLOGY_V1"
                  }
                ]
              }
            ],
            "id": "fhmq9d2u9v1q95mt34sl",
            "image_id": "fd8sjlb35rqsii7vm6tp",
            "kms_key_id": null,
            "labels": null,
            "name": "web-server-boot",
            "product_ids": [
              "f2eussvu3150516uh0ih"
            ],
            "size": 150,
            "snapshot_id": "",
            "status": "ready",
            "timeouts": null,
            "type": "network-hdd",
            "zone": "ru-central1-a"
          },
          "sensitive_attributes": [],
          "private": "eyJlMmJmYjczMC1lY2FhLTExZTYtOGY4OC0zNDM2M2JjN2M0YzAiOnsiY3JlYXRlIjozMDAwMDAwMDAwMDAsImRlbGV0ZSI6MzAwMDAwMDAwMDAwLCJ1cGRhdGUiOjMwMDAwMDAwMDAwMH19",
          "dependencies": [
            "yandex_compute_image.osimage"
          ]
        }
      ]
    },
    {
      "mode": "managed",
      "type": "yandex_compute_image",
      "name": "osimage",
      "provider": "provider[\"registry.terraform.io/yandex-cloud/yandex\"]",
      "instances": [
        {
          "schema_version": 0,
          "attributes": {
            "created_at": "2025-02-10T10:49:53Z",
            "description": "",
            "family": "",
            "folder_id": "b1gbr6b918bfons49unn",
            "hardware_generation": [
              {
                "generation2_features": [],
                "legacy_features": [
                  {
                    "pci_topology": "PCI_TOPOLOGY_V1"
                  }
                ]
              }
            ],
            "id": "fd8sjlb35rqsii7vm6tp",
            "labels": null,
            "min_disk_size": 10,
            "name": "",
            "os_type": null,
            "pooled": false,
            "product_ids": [
              "f2eussvu3150516uh0ih"
            ],
            "size": 5,
            "source_disk": null,
            "source_family": "ubuntu-2404-lts-oslogin",
            "source_image": null,
            "source_snapshot": null,
            "source_url": null,
            "status": "ready",
            "timeouts": null
          },
          "sensitive_attributes": [],
          "private": "eyJlMmJmYjczMC1lY2FhLTExZTYtOGY4OC0zNDM2M2JjN2M0YzAiOnsiY3JlYXRlIjozMDAwMDAwMDAwMDAsImRlbGV0ZSI6MzAwMDAwMDAwMDAwLCJ1cGRhdGUiOjMwMDAwMDAwMDAwMH19"
        }
      ]
    },
    {
      "mode": "managed",
      "type": "yandex_compute_instance",
      "name": "mywebserver",
      "provider": "provider[\"registry.terraform.io/yandex-cloud/yandex\"]",
      "instances": [
        {
          "schema_version": 1,
          "attributes": {
            "allow_recreate": null,
            "allow_stopping_for_update": null,
            "boot_disk": [
              {
                "auto_delete": true,
                "device_name": "fhmq9d2u9v1q95mt34sl",
                "disk_id": "fhmq9d2u9v1q95mt34sl",
                "initialize_params": [
                  {
                    "block_size": 4096,
                    "description": "",
                    "image_id": "fd8sjlb35rqsii7vm6tp",
                    "kms_key_id": "",
                    "name": "web-server-boot",
                    "size": 150,
                    "snapshot_id": "",
                    "type": "network-hdd"
                  }
                ],
                "mode": "READ_WRITE"
              }
            ],
            "created_at": "2025-02-10T10:50:50Z",
            "description": "",
            "filesystem": [],
            "folder_id": "b1gbr6b918bfons49unn",
            "fqdn": "fhm9gn2c5ffudr6ctmd9.auto.internal",
            "gpu_cluster_id": "",
            "hardware_generation": [
              {
                "generation2_features": [],
                "legacy_features": [
                  {
                    "pci_topology": "PCI_TOPOLOGY_V1"
                  }
                ]
              }
            ],
            "hostname": "",
            "id": "fhm9gn2c5ffudr6ctmd9",
            "labels": null,
            "local_disk": [],
            "maintenance_grace_period": "",
            "maintenance_policy": null,
            "metadata": {
              "user-data": "#cloud-config\r\nusers:\r\n  - name: yc-user\r\n    groups: sudo\r\n    shell: /bin/bash\r\n    sudo: 'ALL=(ALL) NOPASSWD:ALL'\r\n    ssh_authorized_keys:\r\n      - ssh-ed25519 AAAAC3NzaC1lZDI1NTE5AAAAIOHALdABGmYpoI/G0+bJ11L0gyA8lJ/y1zUCd4DoxNJz linux@linux-V\n\r\npackage_update: true\r\npackage_upgrade: true\r\npackages:\r\n  - nginx\r\nruncmd:\r\n  - systemctl start nginx\r\n  - systemctl enable nginx\r\n"
            },
            "metadata_options": [
              {
                "aws_v1_http_endpoint": 1,
                "aws_v1_http_token": 2,
                "gce_http_endpoint": 1,
                "gce_http_token": 1
              }
            ],
            "name": "mywebserver",
            "network_acceleration_type": "standard",
            "network_interface": [
              {
                "dns_record": [],
                "index": 0,
                "ip_address": "192.168.1.25",
                "ipv4": true,
                "ipv6": false,
                "ipv6_address": "",
                "ipv6_dns_record": [],
                "mac_address": "d0:0d:98:5c:4c:2b",
                "nat": true,
                "nat_dns_record": [],
                "nat_ip_address": "51.250.65.158",
                "nat_ip_version": "IPV4",
                "security_group_ids": [
                  "enpnlptpcpuj8o05ifv9"
                ],
                "subnet_id": "e9b033bd84qlv5pknvbn"
              }
            ],
            "placement_policy": [
              {
                "host_affinity_rules": [],
                "placement_group_id": "",
                "placement_group_partition": 0
              }
            ],
            "platform_id": "standard-v2",
            "resources": [
              {
                "core_fraction": 100,
                "cores": 2,
                "gpus": 0,
                "memory": 2
              }
            ],
            "scheduling_policy": [
              {
                "preemptible": false
              }
            ],
            "secondary_disk": [],
            "service_account_id": "",
            "status": "running",
            "timeouts": null,
            "zone": "ru-central1-a"
          },
          "sensitive_attributes": [],
          "private": "eyJlMmJmYjczMC1lY2FhLTExZTYtOGY4OC0zNDM2M2JjN2M0YzAiOnsiY3JlYXRlIjozMDAwMDAwMDAwMDAsImRlbGV0ZSI6MzAwMDAwMDAwMDAwLCJ1cGRhdGUiOjMwMDAwMDAwMDAwMH0sInNjaGVtYV92ZXJzaW9uIjoiMSJ9",
          "dependencies": [
            "yandex_compute_disk.boot-disk",
            "yandex_compute_image.osimage",
            "yandex_vpc_network.webserver-network",
            "yandex_vpc_security_group.webserver-sg",
            "yandex_vpc_subnet.webserver-subnet-b"
          ]
        }
      ]
    },
    {
      "mode": "managed",
      "type": "yandex_dns_recordset",
      "name": "rsА1",
      "provider": "provider[\"registry.terraform.io/yandex-cloud/yandex\"]",
      "instances": [
        {
          "schema_version": 0,
          "attributes": {
            "data": [
              "51.250.65.158"
            ],
            "id": "dnsf5173e3js89kgp81l/teststand.online./A",
            "name": "teststand.online.",
            "timeouts": null,
            "ttl": 600,
            "type": "A",
            "zone_id": "dnsf5173e3js89kgp81l"
          },
          "sensitive_attributes": [],
          "private": "eyJlMmJmYjczMC1lY2FhLTExZTYtOGY4OC0zNDM2M2JjN2M0YzAiOnsiY3JlYXRlIjozMDAwMDAwMDAwMDAsImRlbGV0ZSI6MzAwMDAwMDAwMDAwLCJ1cGRhdGUiOjMwMDAwMDAwMDAwMH19",
          "dependencies": [
            "yandex_compute_disk.boot-disk",
            "yandex_compute_image.osimage",
            "yandex_compute_instance.mywebserver",
            "yandex_dns_zone.my-domain-zone",
            "yandex_vpc_network.webserver-network",
            "yandex_vpc_security_group.webserver-sg",
            "yandex_vpc_subnet.webserver-subnet-b"
          ]
        }
      ]
    },
    {
      "mode": "managed",
      "type": "yandex_dns_zone",
      "name": "my-domain-zone",
      "provider": "provider[\"registry.terraform.io/yandex-cloud/yandex\"]",
      "instances": [
        {
          "schema_version": 0,
          "attributes": {
            "created_at": "2025-02-10T10:47:46Z",
            "deletion_protection": false,
            "description": "",
            "folder_id": "b1gbr6b918bfons49unn",
            "id": "dnsf5173e3js89kgp81l",
            "labels": {},
            "name": "my-domain-zone",
            "private_networks": [],
            "public": true,
            "timeouts": null,
            "zone": "teststand.online."
          },
          "sensitive_attributes": [],
          "private": "eyJlMmJmYjczMC1lY2FhLTExZTYtOGY4OC0zNDM2M2JjN2M0YzAiOnsiY3JlYXRlIjozMDAwMDAwMDAwMDAsImRlbGV0ZSI6MzAwMDAwMDAwMDAwLCJ1cGRhdGUiOjMwMDAwMDAwMDAwMH19"
        }
      ]
    },
    {
      "mode": "managed",
      "type": "yandex_lb_network_load_balancer",
      "name": "docker-test-stand",
      "provider": "provider[\"registry.terraform.io/yandex-cloud/yandex\"]",
      "instances": [
        {
          "schema_version": 0,
          "attributes": {
            "attached_target_group": [
              {
                "healthcheck": [
                  {
                    "healthy_threshold": 2,
                    "http_options": [
                      {
                        "path": "/",
                        "port": 80
                      }
                    ],
                    "interval": 2,
                    "name": "http-healthcheck",
                    "tcp_options": [],
                    "timeout": 1,
                    "unhealthy_threshold": 2
                  }
                ],
                "target_group_id": "enpeec5rmkucavhdpoe9"
              }
            ],
            "created_at": "2025-02-10T10:51:49Z",
            "deletion_protection": false,
            "description": "",
            "folder_id": "b1gbr6b918bfons49unn",
            "id": "enpcn23oq8oe5ejrm555",
            "labels": null,
            "listener": [
              {
                "external_address_spec": [
                  {
                    "address": "158.160.136.23",
                    "ip_version": "ipv4"
                  }
                ],
                "internal_address_spec": [],
                "name": "listener-http",
                "port": 80,
                "protocol": "tcp",
                "target_port": 80
              }
            ],
            "name": "docker-test-stand",
            "region_id": "ru-central1",
            "timeouts": null,
            "type": "external"
          },
          "sensitive_attributes": [],
          "private": "eyJlMmJmYjczMC1lY2FhLTExZTYtOGY4OC0zNDM2M2JjN2M0YzAiOnsiY3JlYXRlIjozMDAwMDAwMDAwMDAsImRlbGV0ZSI6MzAwMDAwMDAwMDAwLCJ1cGRhdGUiOjMwMDAwMDAwMDAwMH19",
          "dependencies": [
            "yandex_compute_disk.boot-disk",
            "yandex_compute_image.osimage",
            "yandex_compute_instance.mywebserver",
            "yandex_lb_target_group.docker-test-stand",
            "yandex_vpc_network.webserver-network",
            "yandex_vpc_security_group.webserver-sg",
            "yandex_vpc_subnet.webserver-subnet-b"
          ]
        }
      ]
    },
    {
      "mode": "managed",
      "type": "yandex_lb_target_group",
      "name": "docker-test-stand",
      "provider": "provider[\"registry.terraform.io/yandex-cloud/yandex\"]",
      "instances": [
        {
          "schema_version": 0,
          "attributes": {
            "created_at": "2025-02-10T10:51:47Z",
            "description": "",
            "folder_id": "b1gbr6b918bfons49unn",
            "id": "enpeec5rmkucavhdpoe9",
            "labels": null,
            "name": "docker-test-stand",
            "region_id": "ru-central1",
            "target": [
              {
                "address": "192.168.1.25",
                "subnet_id": "e9b033bd84qlv5pknvbn"
              }
            ],
            "timeouts": null
          },
          "sensitive_attributes": [],
          "private": "eyJlMmJmYjczMC1lY2FhLTExZTYtOGY4OC0zNDM2M2JjN2M0YzAiOnsiY3JlYXRlIjozMDAwMDAwMDAwMDAsImRlbGV0ZSI6MzAwMDAwMDAwMDAwLCJ1cGRhdGUiOjMwMDAwMDAwMDAwMH19",
          "dependencies": [
            "yandex_compute_disk.boot-disk",
            "yandex_compute_image.osimage",
            "yandex_compute_instance.mywebserver",
            "yandex_vpc_network.webserver-network",
            "yandex_vpc_security_group.webserver-sg",
            "yandex_vpc_subnet.webserver-subnet-b"
          ]
        }
      ]
    },
    {
      "mode": "managed",
      "type": "yandex_vpc_network",
      "name": "webserver-network",
      "provider": "provider[\"registry.terraform.io/yandex-cloud/yandex\"]",
      "instances": [
        {
          "schema_version": 0,
          "attributes": {
            "created_at": "2025-02-10T10:47:46Z",
            "default_security_group_id": "enpomjich0r9kj8ufbfq",
            "description": "",
            "folder_id": "b1gbr6b918bfons49unn",
            "id": "enp4s6m33s299rli33j8",
            "labels": {},
            "name": "webserver-network",
            "subnet_ids": [
              "e9b033bd84qlv5pknvbn"
            ],
            "timeouts": null
          },
          "sensitive_attributes": [],
          "private": "eyJlMmJmYjczMC1lY2FhLTExZTYtOGY4OC0zNDM2M2JjN2M0YzAiOnsiY3JlYXRlIjo2MDAwMDAwMDAwMCwiZGVsZXRlIjo2MDAwMDAwMDAwMCwidXBkYXRlIjo2MDAwMDAwMDAwMH19"
        }
      ]
    },
    {
      "mode": "managed",
      "type": "yandex_vpc_security_group",
      "name": "webserver-sg",
      "provider": "provider[\"registry.terraform.io/yandex-cloud/yandex\"]",
      "instances": [
        {
          "schema_version": 0,
          "attributes": {
            "created_at": "2025-02-10T10:47:50Z",
            "description": "",
            "egress": [
              {
                "description": "any",
                "from_port": 0,
                "id": "enp73pspn5ovo2hgu264",
                "labels": {},
                "port": -1,
                "predefined_target": "",
                "protocol": "ANY",
                "security_group_id": "",
                "to_port": 65535,
                "v4_cidr_blocks": [
                  "0.0.0.0/0"
                ],
                "v6_cidr_blocks": []
              }
            ],
            "folder_id": "b1gbr6b918bfons49unn",
            "id": "enpnlptpcpuj8o05ifv9",
            "ingress": [
              {
                "description": "http",
                "from_port": -1,
                "id": "enpb7qo1mm6hjdogvc2j",
                "labels": {},
                "port": 80,
                "predefined_target": "",
                "protocol": "TCP",
                "security_group_id": "",
                "to_port": -1,
                "v4_cidr_blocks": [
                  "0.0.0.0/0"
                ],
                "v6_cidr_blocks": []
              },
              {
                "description": "https",
                "from_port": -1,
                "id": "enp48arsciq05r96m3jp",
                "labels": {},
                "port": 443,
                "predefined_target": "",
                "protocol": "TCP",
                "security_group_id": "",
                "to_port": -1,
                "v4_cidr_blocks": [
                  "0.0.0.0/0"
                ],
                "v6_cidr_blocks": []
              },
              {
                "description": "ssh",
                "from_port": -1,
                "id": "enpc13q12e8ojr0neq9m",
                "labels": {},
                "port": 22,
                "predefined_target": "",
                "protocol": "TCP",
                "security_group_id": "",
                "to_port": -1,
                "v4_cidr_blocks": [
                  "0.0.0.0/0"
                ],
                "v6_cidr_blocks": []
              }
            ],
            "labels": {},
            "name": "webserver-sg",
            "network_id": "enp4s6m33s299rli33j8",
            "status": "ACTIVE",
            "timeouts": null
          },
          "sensitive_attributes": [],
          "private": "eyJlMmJmYjczMC1lY2FhLTExZTYtOGY4OC0zNDM2M2JjN2M0YzAiOnsiY3JlYXRlIjoxODAwMDAwMDAwMDAsImRlbGV0ZSI6MTgwMDAwMDAwMDAwLCJ1cGRhdGUiOjE4MDAwMDAwMDAwMH19",
          "dependencies": [
            "yandex_vpc_network.webserver-network"
          ]
        }
      ]
    },
    {
      "mode": "managed",
      "type": "yandex_vpc_subnet",
      "name": "webserver-subnet-b",
      "provider": "provider[\"registry.terraform.io/yandex-cloud/yandex\"]",
      "instances": [
        {
          "schema_version": 0,
          "attributes": {
            "created_at": "2025-02-10T10:47:49Z",
            "description": "",
            "dhcp_options": [],
            "folder_id": "b1gbr6b918bfons49unn",
            "id": "e9b033bd84qlv5pknvbn",
            "labels": {},
            "name": "webserver-subnet-ru-central1-a",
            "network_id": "enp4s6m33s299rli33j8",
            "route_table_id": "",
            "timeouts": null,
            "v4_cidr_blocks": [
              "192.168.1.0/24"
            ],
            "v6_cidr_blocks": [],
            "zone": "ru-central1-a"
          },
          "sensitive_attributes": [],
          "private": "eyJlMmJmYjczMC1lY2FhLTExZTYtOGY4OC0zNDM2M2JjN2M0YzAiOnsiY3JlYXRlIjoxODAwMDAwMDAwMDAsImRlbGV0ZSI6MTgwMDAwMDAwMDAwLCJ1cGRhdGUiOjE4MDAwMDAwMDAwMH19",
          "dependencies": [
            "yandex_vpc_network.webserver-network"
          ]
        }
      ]
    }
  ],
  "check_results": null
}
